
Microsoft Visual Studio Solution File, Format Version 12.00
# Visual Studio Version 17
VisualStudioVersion = 17.7.34024.191
MinimumVisualStudioVersion = 10.0.40219.1
Project("{FAE04EC0-301F-11D3-BF4B-00C04F79EFBC}") = "Lab1.1", "Lab1.1\Lab1.1.csproj", "{05666669-760A-4CAE-B73A-D20AE95C693C}"
EndProject
Project("{FAE04EC0-301F-11D3-BF4B-00C04F79EFBC}") = "Lab1.2", "Lab1.2\Lab1.2.csproj", "{A4CBBFD8-028E-466E-BE70-1C5CE10B9CCD}"
EndProject
Global
	GlobalSection(SolutionConfigurationPlatforms) = preSolution
		Debug|Any CPU = Debug|Any CPU
		Release|Any CPU = Release|Any CPU
	EndGlobalSection
	GlobalSection(ProjectConfigurationPlatforms) = postSolution
		{05666669-760A-4CAE-B73A-D20AE95C693C}.Debug|Any CPU.ActiveCfg = Debug|Any CPU
		{05666669-760A-4CAE-B73A-D20AE95C693C}.Debug|Any CPU.Build.0 = Debug|Any CPU
		{05666669-760A-4CAE-B73A-D20AE95C693C}.Release|Any CPU.ActiveCfg = Release|Any CPU
		{05666669-760A-4CAE-B73A-D20AE95C693C}.Release|Any CPU.Build.0 = Release|Any CPU
		{A4CBBFD8-028E-466E-BE70-1C5CE10B9CCD}.Debug|Any CPU.ActiveCfg = Debug|Any CPU
		{A4CBBFD8-028E-466E-BE70-1C5CE10B9CCD}.Debug|Any CPU.Build.0 = Debug|Any CPU
		{A4CBBFD8-028E-466E-BE70-1C5CE10B9CCD}.Release|Any CPU.ActiveCfg = Release|Any CPU
		{A4CBBFD8-028E-466E-BE70-1C5CE10B9CCD}.Release|Any CPU.Build.0 = Release|Any CPU
	EndGlobalSection
	GlobalSection(SolutionProperties) = preSolution
		HideSolutionNode = FALSE
	EndGlobalSection
	GlobalSection(ExtensibilityGlobals) = postSolution
		SolutionGuid = {E4329D52-F734-45E4-B199-02280CE205D7}
	EndGlobalSection
EndGlobal
